// !$*UTF8*$!
{
	archiveVersion = 1;
	classes = {
	};
	objectVersion = 77;
	objects = {

/* Begin PBXCopyFilesBuildPhase section */
		9A0DA89B2CA6F338006158F9 /* CopyFiles */ = {
			isa = PBXCopyFilesBuildPhase;
			buildActionMask = 2147483647;
			dstPath = /usr/share/man/man1/;
			dstSubfolderSpec = 0;
			files = (
			);
			runOnlyForDeploymentPostprocessing = 1;
		};
		9A17618B2CCE2F4C00B1CCDB /* CopyFiles */ = {
			isa = PBXCopyFilesBuildPhase;
			buildActionMask = 2147483647;
			dstPath = /usr/share/man/man1/;
			dstSubfolderSpec = 0;
			files = (
			);
			runOnlyForDeploymentPostprocessing = 1;
		};
		9A1761962CCE335E00B1CCDB /* CopyFiles */ = {
			isa = PBXCopyFilesBuildPhase;
			buildActionMask = 2147483647;
			dstPath = /usr/share/man/man1/;
			dstSubfolderSpec = 0;
			files = (
			);
			runOnlyForDeploymentPostprocessing = 1;
		};
		9A2F3D7E2CA010C800EF05F4 /* CopyFiles */ = {
			isa = PBXCopyFilesBuildPhase;
			buildActionMask = 2147483647;
			dstPath = /usr/share/man/man1/;
			dstSubfolderSpec = 0;
			files = (
			);
			runOnlyForDeploymentPostprocessing = 1;
		};
		9A2F3D8B2CA0141700EF05F4 /* CopyFiles */ = {
			isa = PBXCopyFilesBuildPhase;
			buildActionMask = 2147483647;
			dstPath = /usr/share/man/man1/;
			dstSubfolderSpec = 0;
			files = (
			);
			runOnlyForDeploymentPostprocessing = 1;
		};
		9A3231782CA6D9D6000EF6C0 /* CopyFiles */ = {
			isa = PBXCopyFilesBuildPhase;
			buildActionMask = 2147483647;
			dstPath = /usr/share/man/man1/;
			dstSubfolderSpec = 0;
			files = (
			);
			runOnlyForDeploymentPostprocessing = 1;
		};
		9A70D4182CD76ACA0059D5FC /* CopyFiles */ = {
			isa = PBXCopyFilesBuildPhase;
			buildActionMask = 2147483647;
			dstPath = /usr/share/man/man1/;
			dstSubfolderSpec = 0;
			files = (
			);
			runOnlyForDeploymentPostprocessing = 1;
		};
		9A89758B2CBD44A200B89041 /* CopyFiles */ = {
			isa = PBXCopyFilesBuildPhase;
			buildActionMask = 2147483647;
			dstPath = /usr/share/man/man1/;
			dstSubfolderSpec = 0;
			files = (
			);
			runOnlyForDeploymentPostprocessing = 1;
		};
		9A8975962CC33E8700B89041 /* CopyFiles */ = {
			isa = PBXCopyFilesBuildPhase;
			buildActionMask = 2147483647;
			dstPath = /usr/share/man/man1/;
			dstSubfolderSpec = 0;
			files = (
			);
			runOnlyForDeploymentPostprocessing = 1;
		};
		9A8975A22CC3512500B89041 /* CopyFiles */ = {
			isa = PBXCopyFilesBuildPhase;
			buildActionMask = 2147483647;
			dstPath = /usr/share/man/man1/;
			dstSubfolderSpec = 0;
			files = (
			);
			runOnlyForDeploymentPostprocessing = 1;
		};
		9A8975AD2CC3576A00B89041 /* CopyFiles */ = {
			isa = PBXCopyFilesBuildPhase;
			buildActionMask = 2147483647;
			dstPath = /usr/share/man/man1/;
			dstSubfolderSpec = 0;
			files = (
			);
			runOnlyForDeploymentPostprocessing = 1;
		};
		9A94BA9D2CD9DD2E0027F654 /* CopyFiles */ = {
			isa = PBXCopyFilesBuildPhase;
			buildActionMask = 2147483647;
			dstPath = /usr/share/man/man1/;
			dstSubfolderSpec = 0;
			files = (
			);
			runOnlyForDeploymentPostprocessing = 1;
		};
		9A94BAA82CDA628A0027F654 /* CopyFiles */ = {
			isa = PBXCopyFilesBuildPhase;
			buildActionMask = 2147483647;
			dstPath = /usr/share/man/man1/;
			dstSubfolderSpec = 0;
			files = (
			);
			runOnlyForDeploymentPostprocessing = 1;
		};
		9AB031A02CBD135300205C50 /* CopyFiles */ = {
			isa = PBXCopyFilesBuildPhase;
			buildActionMask = 2147483647;
			dstPath = /usr/share/man/man1/;
			dstSubfolderSpec = 0;
			files = (
			);
			runOnlyForDeploymentPostprocessing = 1;
		};
		9AB031AB2CBD1A0600205C50 /* CopyFiles */ = {
			isa = PBXCopyFilesBuildPhase;
			buildActionMask = 2147483647;
			dstPath = /usr/share/man/man1/;
			dstSubfolderSpec = 0;
			files = (
			);
			runOnlyForDeploymentPostprocessing = 1;
		};
		9AC474162CBBAB6600783482 /* CopyFiles */ = {
			isa = PBXCopyFilesBuildPhase;
			buildActionMask = 2147483647;
			dstPath = /usr/share/man/man1/;
			dstSubfolderSpec = 0;
			files = (
			);
			runOnlyForDeploymentPostprocessing = 1;
		};
		9AC474212CBBB14D00783482 /* CopyFiles */ = {
			isa = PBXCopyFilesBuildPhase;
			buildActionMask = 2147483647;
			dstPath = /usr/share/man/man1/;
			dstSubfolderSpec = 0;
			files = (
			);
			runOnlyForDeploymentPostprocessing = 1;
		};
		9ACC4F412CA1A298003D1752 /* CopyFiles */ = {
			isa = PBXCopyFilesBuildPhase;
			buildActionMask = 2147483647;
			dstPath = /usr/share/man/man1/;
			dstSubfolderSpec = 0;
			files = (
			);
			runOnlyForDeploymentPostprocessing = 1;
		};
		9ADF2C652CE4A372006F05D7 /* CopyFiles */ = {
			isa = PBXCopyFilesBuildPhase;
			buildActionMask = 2147483647;
			dstPath = /usr/share/man/man1/;
			dstSubfolderSpec = 0;
			files = (
			);
			runOnlyForDeploymentPostprocessing = 1;
		};
		9ADF2C702CE4B0B4006F05D7 /* CopyFiles */ = {
			isa = PBXCopyFilesBuildPhase;
			buildActionMask = 2147483647;
			dstPath = /usr/share/man/man1/;
			dstSubfolderSpec = 0;
			files = (
			);
			runOnlyForDeploymentPostprocessing = 1;
		};
		9ADF2C7B2CE4EF45006F05D7 /* CopyFiles */ = {
			isa = PBXCopyFilesBuildPhase;
			buildActionMask = 2147483647;
			dstPath = /usr/share/man/man1/;
			dstSubfolderSpec = 0;
			files = (
			);
			runOnlyForDeploymentPostprocessing = 1;
		};
		9AF1A5A72C99868C00EED4CC /* CopyFiles */ = {
			isa = PBXCopyFilesBuildPhase;
			buildActionMask = 2147483647;
			dstPath = /usr/share/man/man1/;
			dstSubfolderSpec = 0;
			files = (
			);
			runOnlyForDeploymentPostprocessing = 1;
		};
/* End PBXCopyFilesBuildPhase section */

/* Begin PBXFileReference section */
		9A0DA89D2CA6F338006158F9 /* Switch */ = {isa = PBXFileReference; explicitFileType = "compiled.mach-o.executable"; includeInIndex = 0; path = Switch; sourceTree = BUILT_PRODUCTS_DIR; };
		9A17618D2CCE2F4C00B1CCDB /* P5714 */ = {isa = PBXFileReference; explicitFileType = "compiled.mach-o.executable"; includeInIndex = 0; path = P5714; sourceTree = BUILT_PRODUCTS_DIR; };
		9A1761982CCE335E00B1CCDB /* P5715 */ = {isa = PBXFileReference; explicitFileType = "compiled.mach-o.executable"; includeInIndex = 0; path = P5715; sourceTree = BUILT_PRODUCTS_DIR; };
		9A2F3D802CA010C800EF05F4 /* Multiply */ = {isa = PBXFileReference; explicitFileType = "compiled.mach-o.executable"; includeInIndex = 0; path = Multiply; sourceTree = BUILT_PRODUCTS_DIR; };
		9A2F3D8D2CA0141700EF05F4 /* Practice1 */ = {isa = PBXFileReference; explicitFileType = "compiled.mach-o.executable"; includeInIndex = 0; path = Practice1; sourceTree = BUILT_PRODUCTS_DIR; };
		9A32317A2CA6D9D6000EF6C0 /* if and loop */ = {isa = PBXFileReference; explicitFileType = "compiled.mach-o.executable"; includeInIndex = 0; path = "if and loop"; sourceTree = BUILT_PRODUCTS_DIR; };
		9A70D41A2CD76ACA0059D5FC /* pointer */ = {isa = PBXFileReference; explicitFileType = "compiled.mach-o.executable"; includeInIndex = 0; path = pointer; sourceTree = BUILT_PRODUCTS_DIR; };
		9A89758D2CBD44A200B89041 /* Lesson 3 */ = {isa = PBXFileReference; explicitFileType = "compiled.mach-o.executable"; includeInIndex = 0; path = "Lesson 3"; sourceTree = BUILT_PRODUCTS_DIR; };
		9A8975982CC33E8700B89041 /* P5712 */ = {isa = PBXFileReference; explicitFileType = "compiled.mach-o.executable"; includeInIndex = 0; path = P5712; sourceTree = BUILT_PRODUCTS_DIR; };
		9A8975A42CC3512500B89041 /* P5713 */ = {isa = PBXFileReference; explicitFileType = "compiled.mach-o.executable"; includeInIndex = 0; path = P5713; sourceTree = BUILT_PRODUCTS_DIR; };
		9A8975AF2CC3576A00B89041 /* Homework */ = {isa = PBXFileReference; explicitFileType = "compiled.mach-o.executable"; includeInIndex = 0; path = Homework; sourceTree = BUILT_PRODUCTS_DIR; };
		9A94BA9F2CD9DD2E0027F654 /* P5716 */ = {isa = PBXFileReference; explicitFileType = "compiled.mach-o.executable"; includeInIndex = 0; path = P5716; sourceTree = BUILT_PRODUCTS_DIR; };
		9A94BAAA2CDA628A0027F654 /* P1909 */ = {isa = PBXFileReference; explicitFileType = "compiled.mach-o.executable"; includeInIndex = 0; path = P1909; sourceTree = BUILT_PRODUCTS_DIR; };
		9AB031A22CBD135300205C50 /* LuoguP571 */ = {isa = PBXFileReference; explicitFileType = "compiled.mach-o.executable"; includeInIndex = 0; path = LuoguP571; sourceTree = BUILT_PRODUCTS_DIR; };
		9AB031AD2CBD1A0600205C50 /* P5717 */ = {isa = PBXFileReference; explicitFileType = "compiled.mach-o.executable"; includeInIndex = 0; path = P5717; sourceTree = BUILT_PRODUCTS_DIR; };
		9AC474182CBBAB6600783482 /* luoguP5710 */ = {isa = PBXFileReference; explicitFileType = "compiled.mach-o.executable"; includeInIndex = 0; path = luoguP5710; sourceTree = BUILT_PRODUCTS_DIR; };
		9AC474232CBBB14D00783482 /* luoguP1085 */ = {isa = PBXFileReference; explicitFileType = "compiled.mach-o.executable"; includeInIndex = 0; path = luoguP1085; sourceTree = BUILT_PRODUCTS_DIR; };
		9ACC4F432CA1A298003D1752 /* header_test */ = {isa = PBXFileReference; explicitFileType = "compiled.mach-o.executable"; includeInIndex = 0; path = header_test; sourceTree = BUILT_PRODUCTS_DIR; };
		9ADF2C672CE4A372006F05D7 /* P1424 */ = {isa = PBXFileReference; explicitFileType = "compiled.mach-o.executable"; includeInIndex = 0; path = P1424; sourceTree = BUILT_PRODUCTS_DIR; };
		9ADF2C722CE4B0B4006F05D7 /* P1888 */ = {isa = PBXFileReference; explicitFileType = "compiled.mach-o.executable"; includeInIndex = 0; path = P1888; sourceTree = BUILT_PRODUCTS_DIR; };
		9ADF2C7D2CE4EF45006F05D7 /* P1046 */ = {isa = PBXFileReference; explicitFileType = "compiled.mach-o.executable"; includeInIndex = 0; path = P1046; sourceTree = BUILT_PRODUCTS_DIR; };
		9AF1A5A92C99868C00EED4CC /* struct3 */ = {isa = PBXFileReference; explicitFileType = "compiled.mach-o.executable"; includeInIndex = 0; path = struct3; sourceTree = BUILT_PRODUCTS_DIR; };
/* End PBXFileReference section */

/* Begin PBXFileSystemSynchronizedRootGroup section */
		9A0DA89E2CA6F338006158F9 /* Switch */ = {
			isa = PBXFileSystemSynchronizedRootGroup;
			path = Switch;
			sourceTree = "<group>";
		};
		9A17618E2CCE2F4C00B1CCDB /* P5714 */ = {
			isa = PBXFileSystemSynchronizedRootGroup;
			path = P5714;
			sourceTree = "<group>";
		};
		9A1761992CCE335E00B1CCDB /* P5715 */ = {
			isa = PBXFileSystemSynchronizedRootGroup;
			path = P5715;
			sourceTree = "<group>";
		};
		9A2F3D812CA010C800EF05F4 /* Multiply */ = {
			isa = PBXFileSystemSynchronizedRootGroup;
			path = Multiply;
			sourceTree = "<group>";
		};
		9A2F3D8E2CA0141700EF05F4 /* Practice1 */ = {
			isa = PBXFileSystemSynchronizedRootGroup;
			path = Practice1;
			sourceTree = "<group>";
		};
		9A32317B2CA6D9D6000EF6C0 /* if and loop */ = {
			isa = PBXFileSystemSynchronizedRootGroup;
			path = "if and loop";
			sourceTree = "<group>";
		};
		9A70D41B2CD76ACA0059D5FC /* pointer */ = {
			isa = PBXFileSystemSynchronizedRootGroup;
			path = pointer;
			sourceTree = "<group>";
		};
		9A89758E2CBD44A200B89041 /* Lesson 3 */ = {
			isa = PBXFileSystemSynchronizedRootGroup;
			path = "Lesson 3";
			sourceTree = "<group>";
		};
		9A8975992CC33E8700B89041 /* P5712 */ = {
			isa = PBXFileSystemSynchronizedRootGroup;
			path = P5712;
			sourceTree = "<group>";
		};
		9A8975A52CC3512500B89041 /* P5713 */ = {
			isa = PBXFileSystemSynchronizedRootGroup;
			path = P5713;
			sourceTree = "<group>";
		};
		9A8975B02CC3576A00B89041 /* Homework */ = {
			isa = PBXFileSystemSynchronizedRootGroup;
			path = Homework;
			sourceTree = "<group>";
		};
		9A94BAA02CD9DD2E0027F654 /* P5716 */ = {
			isa = PBXFileSystemSynchronizedRootGroup;
			path = P5716;
			sourceTree = "<group>";
		};
		9A94BAAB2CDA628A0027F654 /* P1909 */ = {
			isa = PBXFileSystemSynchronizedRootGroup;
			path = P1909;
			sourceTree = "<group>";
		};
		9AB031A32CBD135300205C50 /* LuoguP571 */ = {
			isa = PBXFileSystemSynchronizedRootGroup;
			path = LuoguP571;
			sourceTree = "<group>";
		};
		9AB031AE2CBD1A0600205C50 /* P5717 */ = {
			isa = PBXFileSystemSynchronizedRootGroup;
			path = P5717;
			sourceTree = "<group>";
		};
		9AC474192CBBAB6600783482 /* luoguP5710 */ = {
			isa = PBXFileSystemSynchronizedRootGroup;
			path = luoguP5710;
			sourceTree = "<group>";
		};
		9AC474242CBBB14D00783482 /* luoguP1085 */ = {
			isa = PBXFileSystemSynchronizedRootGroup;
			path = luoguP1085;
			sourceTree = "<group>";
		};
		9ACC4F442CA1A298003D1752 /* header_test */ = {
			isa = PBXFileSystemSynchronizedRootGroup;
			path = header_test;
			sourceTree = "<group>";
		};
		9ADF2C682CE4A372006F05D7 /* P1424 */ = {
			isa = PBXFileSystemSynchronizedRootGroup;
			path = P1424;
			sourceTree = "<group>";
		};
		9ADF2C732CE4B0B4006F05D7 /* P1888 */ = {
			isa = PBXFileSystemSynchronizedRootGroup;
			path = P1888;
			sourceTree = "<group>";
		};
		9ADF2C7E2CE4EF45006F05D7 /* P1046 */ = {
			isa = PBXFileSystemSynchronizedRootGroup;
			path = P1046;
			sourceTree = "<group>";
		};
		9AF1A5AA2C99868C00EED4CC /* struct3 */ = {
			isa = PBXFileSystemSynchronizedRootGroup;
			path = struct3;
			sourceTree = "<group>";
		};
/* End PBXFileSystemSynchronizedRootGroup section */

/* Begin PBXFrameworksBuildPhase section */
		9A0DA89A2CA6F338006158F9 /* Frameworks */ = {
			isa = PBXFrameworksBuildPhase;
			buildActionMask = 2147483647;
			files = (
			);
			runOnlyForDeploymentPostprocessing = 0;
		};
		9A17618A2CCE2F4C00B1CCDB /* Frameworks */ = {
			isa = PBXFrameworksBuildPhase;
			buildActionMask = 2147483647;
			files = (
			);
			runOnlyForDeploymentPostprocessing = 0;
		};
		9A1761952CCE335E00B1CCDB /* Frameworks */ = {
			isa = PBXFrameworksBuildPhase;
			buildActionMask = 2147483647;
			files = (
			);
			runOnlyForDeploymentPostprocessing = 0;
		};
		9A2F3D7D2CA010C800EF05F4 /* Frameworks */ = {
			isa = PBXFrameworksBuildPhase;
			buildActionMask = 2147483647;
			files = (
			);
			runOnlyForDeploymentPostprocessing = 0;
		};
		9A2F3D8A2CA0141700EF05F4 /* Frameworks */ = {
			isa = PBXFrameworksBuildPhase;
			buildActionMask = 2147483647;
			files = (
			);
			runOnlyForDeploymentPostprocessing = 0;
		};
		9A3231772CA6D9D6000EF6C0 /* Frameworks */ = {
			isa = PBXFrameworksBuildPhase;
			buildActionMask = 2147483647;
			files = (
			);
			runOnlyForDeploymentPostprocessing = 0;
		};
		9A70D4172CD76ACA0059D5FC /* Frameworks */ = {
			isa = PBXFrameworksBuildPhase;
			buildActionMask = 2147483647;
			files = (
			);
			runOnlyForDeploymentPostprocessing = 0;
		};
		9A89758A2CBD44A200B89041 /* Frameworks */ = {
			isa = PBXFrameworksBuildPhase;
			buildActionMask = 2147483647;
			files = (
			);
			runOnlyForDeploymentPostprocessing = 0;
		};
		9A8975952CC33E8700B89041 /* Frameworks */ = {
			isa = PBXFrameworksBuildPhase;
			buildActionMask = 2147483647;
			files = (
			);
			runOnlyForDeploymentPostprocessing = 0;
		};
		9A8975A12CC3512500B89041 /* Frameworks */ = {
			isa = PBXFrameworksBuildPhase;
			buildActionMask = 2147483647;
			files = (
			);
			runOnlyForDeploymentPostprocessing = 0;
		};
		9A8975AC2CC3576A00B89041 /* Frameworks */ = {
			isa = PBXFrameworksBuildPhase;
			buildActionMask = 2147483647;
			files = (
			);
			runOnlyForDeploymentPostprocessing = 0;
		};
		9A94BA9C2CD9DD2E0027F654 /* Frameworks */ = {
			isa = PBXFrameworksBuildPhase;
			buildActionMask = 2147483647;
			files = (
			);
			runOnlyForDeploymentPostprocessing = 0;
		};
		9A94BAA72CDA628A0027F654 /* Frameworks */ = {
			isa = PBXFrameworksBuildPhase;
			buildActionMask = 2147483647;
			files = (
			);
			runOnlyForDeploymentPostprocessing = 0;
		};
		9AB0319F2CBD135300205C50 /* Frameworks */ = {
			isa = PBXFrameworksBuildPhase;
			buildActionMask = 2147483647;
			files = (
			);
			runOnlyForDeploymentPostprocessing = 0;
		};
		9AB031AA2CBD1A0600205C50 /* Frameworks */ = {
			isa = PBXFrameworksBuildPhase;
			buildActionMask = 2147483647;
			files = (
			);
			runOnlyForDeploymentPostprocessing = 0;
		};
		9AC474152CBBAB6600783482 /* Frameworks */ = {
			isa = PBXFrameworksBuildPhase;
			buildActionMask = 2147483647;
			files = (
			);
			runOnlyForDeploymentPostprocessing = 0;
		};
		9AC474202CBBB14D00783482 /* Frameworks */ = {
			isa = PBXFrameworksBuildPhase;
			buildActionMask = 2147483647;
			files = (
			);
			runOnlyForDeploymentPostprocessing = 0;
		};
		9ACC4F402CA1A298003D1752 /* Frameworks */ = {
			isa = PBXFrameworksBuildPhase;
			buildActionMask = 2147483647;
			files = (
			);
			runOnlyForDeploymentPostprocessing = 0;
		};
		9ADF2C642CE4A372006F05D7 /* Frameworks */ = {
			isa = PBXFrameworksBuildPhase;
			buildActionMask = 2147483647;
			files = (
			);
			runOnlyForDeploymentPostprocessing = 0;
		};
		9ADF2C6F2CE4B0B4006F05D7 /* Frameworks */ = {
			isa = PBXFrameworksBuildPhase;
			buildActionMask = 2147483647;
			files = (
			);
			runOnlyForDeploymentPostprocessing = 0;
		};
		9ADF2C7A2CE4EF45006F05D7 /* Frameworks */ = {
			isa = PBXFrameworksBuildPhase;
			buildActionMask = 2147483647;
			files = (
			);
			runOnlyForDeploymentPostprocessing = 0;
		};
		9AF1A5A62C99868C00EED4CC /* Frameworks */ = {
			isa = PBXFrameworksBuildPhase;
			buildActionMask = 2147483647;
			files = (
			);
			runOnlyForDeploymentPostprocessing = 0;
		};
/* End PBXFrameworksBuildPhase section */

/* Begin PBXGroup section */
		9AEA8D8A2C7ECEDD0029B348 = {
			isa = PBXGroup;
			children = (
				9AF1A5AA2C99868C00EED4CC /* struct3 */,
				9A2F3D812CA010C800EF05F4 /* Multiply */,
				9A2F3D8E2CA0141700EF05F4 /* Practice1 */,
				9ACC4F442CA1A298003D1752 /* header_test */,
				9A32317B2CA6D9D6000EF6C0 /* if and loop */,
				9A0DA89E2CA6F338006158F9 /* Switch */,
				9AC474192CBBAB6600783482 /* luoguP5710 */,
				9AC474242CBBB14D00783482 /* luoguP1085 */,
				9AB031A32CBD135300205C50 /* LuoguP571 */,
				9AB031AE2CBD1A0600205C50 /* P5717 */,
				9A89758E2CBD44A200B89041 /* Lesson 3 */,
				9A8975992CC33E8700B89041 /* P5712 */,
				9A8975A52CC3512500B89041 /* P5713 */,
				9A8975B02CC3576A00B89041 /* Homework */,
				9A17618E2CCE2F4C00B1CCDB /* P5714 */,
				9A1761992CCE335E00B1CCDB /* P5715 */,
				9A70D41B2CD76ACA0059D5FC /* pointer */,
				9A94BAA02CD9DD2E0027F654 /* P5716 */,
				9A94BAAB2CDA628A0027F654 /* P1909 */,
				9ADF2C682CE4A372006F05D7 /* P1424 */,
				9ADF2C732CE4B0B4006F05D7 /* P1888 */,
				9ADF2C7E2CE4EF45006F05D7 /* P1046 */,
				9AEA8D942C7ECEDD0029B348 /* Products */,
			);
			sourceTree = "<group>";
		};
		9AEA8D942C7ECEDD0029B348 /* Products */ = {
			isa = PBXGroup;
			children = (
				9AF1A5A92C99868C00EED4CC /* struct3 */,
				9A2F3D802CA010C800EF05F4 /* Multiply */,
				9A2F3D8D2CA0141700EF05F4 /* Practice1 */,
				9ACC4F432CA1A298003D1752 /* header_test */,
				9A32317A2CA6D9D6000EF6C0 /* if and loop */,
				9A0DA89D2CA6F338006158F9 /* Switch */,
				9AC474182CBBAB6600783482 /* luoguP5710 */,
				9AC474232CBBB14D00783482 /* luoguP1085 */,
				9AB031A22CBD135300205C50 /* LuoguP571 */,
				9AB031AD2CBD1A0600205C50 /* P5717 */,
				9A89758D2CBD44A200B89041 /* Lesson 3 */,
				9A8975982CC33E8700B89041 /* P5712 */,
				9A8975A42CC3512500B89041 /* P5713 */,
				9A8975AF2CC3576A00B89041 /* Homework */,
				9A17618D2CCE2F4C00B1CCDB /* P5714 */,
				9A1761982CCE335E00B1CCDB /* P5715 */,
				9A70D41A2CD76ACA0059D5FC /* pointer */,
				9A94BA9F2CD9DD2E0027F654 /* P5716 */,
				9A94BAAA2CDA628A0027F654 /* P1909 */,
				9ADF2C672CE4A372006F05D7 /* P1424 */,
				9ADF2C722CE4B0B4006F05D7 /* P1888 */,
				9ADF2C7D2CE4EF45006F05D7 /* P1046 */,
			);
			name = Products;
			sourceTree = "<group>";
		};
/* End PBXGroup section */

/* Begin PBXNativeTarget section */
		9A0DA89C2CA6F338006158F9 /* Switch */ = {
			isa = PBXNativeTarget;
			buildConfigurationList = 9A0DA8A12CA6F338006158F9 /* Build configuration list for PBXNativeTarget "Switch" */;
			buildPhases = (
				9A0DA8992CA6F338006158F9 /* Sources */,
				9A0DA89A2CA6F338006158F9 /* Frameworks */,
				9A0DA89B2CA6F338006158F9 /* CopyFiles */,
			);
			buildRules = (
			);
			dependencies = (
			);
			fileSystemSynchronizedGroups = (
				9A0DA89E2CA6F338006158F9 /* Switch */,
			);
			name = Switch;
			packageProductDependencies = (
			);
			productName = Switch;
			productReference = 9A0DA89D2CA6F338006158F9 /* Switch */;
			productType = "com.apple.product-type.tool";
		};
		9A17618C2CCE2F4C00B1CCDB /* P5714 */ = {
			isa = PBXNativeTarget;
			buildConfigurationList = 9A1761932CCE2F4C00B1CCDB /* Build configuration list for PBXNativeTarget "P5714" */;
			buildPhases = (
				9A1761892CCE2F4C00B1CCDB /* Sources */,
				9A17618A2CCE2F4C00B1CCDB /* Frameworks */,
				9A17618B2CCE2F4C00B1CCDB /* CopyFiles */,
			);
			buildRules = (
			);
			dependencies = (
			);
			fileSystemSynchronizedGroups = (
				9A17618E2CCE2F4C00B1CCDB /* P5714 */,
			);
			name = P5714;
			packageProductDependencies = (
			);
			productName = P5714;
			productReference = 9A17618D2CCE2F4C00B1CCDB /* P5714 */;
			productType = "com.apple.product-type.tool";
		};
		9A1761972CCE335E00B1CCDB /* P5715 */ = {
			isa = PBXNativeTarget;
			buildConfigurationList = 9A17619C2CCE335E00B1CCDB /* Build configuration list for PBXNativeTarget "P5715" */;
			buildPhases = (
				9A1761942CCE335E00B1CCDB /* Sources */,
				9A1761952CCE335E00B1CCDB /* Frameworks */,
				9A1761962CCE335E00B1CCDB /* CopyFiles */,
			);
			buildRules = (
			);
			dependencies = (
			);
			fileSystemSynchronizedGroups = (
				9A1761992CCE335E00B1CCDB /* P5715 */,
			);
			name = P5715;
			packageProductDependencies = (
			);
			productName = P5715;
			productReference = 9A1761982CCE335E00B1CCDB /* P5715 */;
			productType = "com.apple.product-type.tool";
		};
		9A2F3D7F2CA010C800EF05F4 /* Multiply */ = {
			isa = PBXNativeTarget;
			buildConfigurationList = 9A2F3D842CA010C800EF05F4 /* Build configuration list for PBXNativeTarget "Multiply" */;
			buildPhases = (
				9A2F3D7C2CA010C800EF05F4 /* Sources */,
				9A2F3D7D2CA010C800EF05F4 /* Frameworks */,
				9A2F3D7E2CA010C800EF05F4 /* CopyFiles */,
			);
			buildRules = (
			);
			dependencies = (
			);
			fileSystemSynchronizedGroups = (
				9A2F3D812CA010C800EF05F4 /* Multiply */,
			);
			name = Multiply;
			packageProductDependencies = (
			);
			productName = Multiply;
			productReference = 9A2F3D802CA010C800EF05F4 /* Multiply */;
			productType = "com.apple.product-type.tool";
		};
		9A2F3D8C2CA0141700EF05F4 /* Practice1 */ = {
			isa = PBXNativeTarget;
			buildConfigurationList = 9A2F3D912CA0141700EF05F4 /* Build configuration list for PBXNativeTarget "Practice1" */;
			buildPhases = (
				9A2F3D892CA0141700EF05F4 /* Sources */,
				9A2F3D8A2CA0141700EF05F4 /* Frameworks */,
				9A2F3D8B2CA0141700EF05F4 /* CopyFiles */,
			);
			buildRules = (
			);
			dependencies = (
			);
			fileSystemSynchronizedGroups = (
				9A2F3D8E2CA0141700EF05F4 /* Practice1 */,
			);
			name = Practice1;
			packageProductDependencies = (
			);
			productName = Practice1;
			productReference = 9A2F3D8D2CA0141700EF05F4 /* Practice1 */;
			productType = "com.apple.product-type.tool";
		};
		9A3231792CA6D9D6000EF6C0 /* if and loop */ = {
			isa = PBXNativeTarget;
			buildConfigurationList = 9A3231802CA6D9D6000EF6C0 /* Build configuration list for PBXNativeTarget "if and loop" */;
			buildPhases = (
				9A3231762CA6D9D6000EF6C0 /* Sources */,
				9A3231772CA6D9D6000EF6C0 /* Frameworks */,
				9A3231782CA6D9D6000EF6C0 /* CopyFiles */,
			);
			buildRules = (
			);
			dependencies = (
			);
			fileSystemSynchronizedGroups = (
				9A32317B2CA6D9D6000EF6C0 /* if and loop */,
			);
			name = "if and loop";
			packageProductDependencies = (
			);
			productName = "if and loop";
			productReference = 9A32317A2CA6D9D6000EF6C0 /* if and loop */;
			productType = "com.apple.product-type.tool";
		};
		9A70D4192CD76ACA0059D5FC /* pointer */ = {
			isa = PBXNativeTarget;
			buildConfigurationList = 9A70D41E2CD76ACA0059D5FC /* Build configuration list for PBXNativeTarget "pointer" */;
			buildPhases = (
				9A70D4162CD76ACA0059D5FC /* Sources */,
				9A70D4172CD76ACA0059D5FC /* Frameworks */,
				9A70D4182CD76ACA0059D5FC /* CopyFiles */,
			);
			buildRules = (
			);
			dependencies = (
			);
			fileSystemSynchronizedGroups = (
				9A70D41B2CD76ACA0059D5FC /* pointer */,
			);
			name = pointer;
			packageProductDependencies = (
			);
			productName = pointer;
			productReference = 9A70D41A2CD76ACA0059D5FC /* pointer */;
			productType = "com.apple.product-type.tool";
		};
		9A89758C2CBD44A200B89041 /* Lesson 3 */ = {
			isa = PBXNativeTarget;
			buildConfigurationList = 9A8975932CBD44A200B89041 /* Build configuration list for PBXNativeTarget "Lesson 3" */;
			buildPhases = (
				9A8975892CBD44A200B89041 /* Sources */,
				9A89758A2CBD44A200B89041 /* Frameworks */,
				9A89758B2CBD44A200B89041 /* CopyFiles */,
			);
			buildRules = (
			);
			dependencies = (
			);
			fileSystemSynchronizedGroups = (
				9A89758E2CBD44A200B89041 /* Lesson 3 */,
			);
			name = "Lesson 3";
			packageProductDependencies = (
			);
			productName = "Lesson 3";
			productReference = 9A89758D2CBD44A200B89041 /* Lesson 3 */;
			productType = "com.apple.product-type.tool";
		};
		9A8975972CC33E8700B89041 /* P5712 */ = {
			isa = PBXNativeTarget;
			buildConfigurationList = 9A89759C2CC33E8700B89041 /* Build configuration list for PBXNativeTarget "P5712" */;
			buildPhases = (
				9A8975942CC33E8700B89041 /* Sources */,
				9A8975952CC33E8700B89041 /* Frameworks */,
				9A8975962CC33E8700B89041 /* CopyFiles */,
			);
			buildRules = (
			);
			dependencies = (
			);
			fileSystemSynchronizedGroups = (
				9A8975992CC33E8700B89041 /* P5712 */,
			);
			name = P5712;
			packageProductDependencies = (
			);
			productName = P5712;
			productReference = 9A8975982CC33E8700B89041 /* P5712 */;
			productType = "com.apple.product-type.tool";
		};
		9A8975A32CC3512500B89041 /* P5713 */ = {
			isa = PBXNativeTarget;
			buildConfigurationList = 9A8975A82CC3512500B89041 /* Build configuration list for PBXNativeTarget "P5713" */;
			buildPhases = (
				9A8975A02CC3512500B89041 /* Sources */,
				9A8975A12CC3512500B89041 /* Frameworks */,
				9A8975A22CC3512500B89041 /* CopyFiles */,
			);
			buildRules = (
			);
			dependencies = (
			);
			fileSystemSynchronizedGroups = (
				9A8975A52CC3512500B89041 /* P5713 */,
			);
			name = P5713;
			packageProductDependencies = (
			);
			productName = P5713;
			productReference = 9A8975A42CC3512500B89041 /* P5713 */;
			productType = "com.apple.product-type.tool";
		};
		9A8975AE2CC3576A00B89041 /* Homework */ = {
			isa = PBXNativeTarget;
			buildConfigurationList = 9A8975B32CC3576A00B89041 /* Build configuration list for PBXNativeTarget "Homework" */;
			buildPhases = (
				9A8975AB2CC3576A00B89041 /* Sources */,
				9A8975AC2CC3576A00B89041 /* Frameworks */,
				9A8975AD2CC3576A00B89041 /* CopyFiles */,
			);
			buildRules = (
			);
			dependencies = (
			);
			fileSystemSynchronizedGroups = (
				9A8975B02CC3576A00B89041 /* Homework */,
			);
			name = Homework;
			packageProductDependencies = (
			);
			productName = Homework;
			productReference = 9A8975AF2CC3576A00B89041 /* Homework */;
			productType = "com.apple.product-type.tool";
		};
		9A94BA9E2CD9DD2E0027F654 /* P5716 */ = {
			isa = PBXNativeTarget;
			buildConfigurationList = 9A94BAA52CD9DD2E0027F654 /* Build configuration list for PBXNativeTarget "P5716" */;
			buildPhases = (
				9A94BA9B2CD9DD2E0027F654 /* Sources */,
				9A94BA9C2CD9DD2E0027F654 /* Frameworks */,
				9A94BA9D2CD9DD2E0027F654 /* CopyFiles */,
			);
			buildRules = (
			);
			dependencies = (
			);
			fileSystemSynchronizedGroups = (
				9A94BAA02CD9DD2E0027F654 /* P5716 */,
			);
			name = P5716;
			packageProductDependencies = (
			);
			productName = P5716;
			productReference = 9A94BA9F2CD9DD2E0027F654 /* P5716 */;
			productType = "com.apple.product-type.tool";
		};
		9A94BAA92CDA628A0027F654 /* P1909 */ = {
			isa = PBXNativeTarget;
			buildConfigurationList = 9A94BAAE2CDA628A0027F654 /* Build configuration list for PBXNativeTarget "P1909" */;
			buildPhases = (
				9A94BAA62CDA628A0027F654 /* Sources */,
				9A94BAA72CDA628A0027F654 /* Frameworks */,
				9A94BAA82CDA628A0027F654 /* CopyFiles */,
			);
			buildRules = (
			);
			dependencies = (
			);
			fileSystemSynchronizedGroups = (
				9A94BAAB2CDA628A0027F654 /* P1909 */,
			);
			name = P1909;
			packageProductDependencies = (
			);
			productName = P1909;
			productReference = 9A94BAAA2CDA628A0027F654 /* P1909 */;
			productType = "com.apple.product-type.tool";
		};
		9AB031A12CBD135300205C50 /* LuoguP571 */ = {
			isa = PBXNativeTarget;
			buildConfigurationList = 9AB031A82CBD135300205C50 /* Build configuration list for PBXNativeTarget "LuoguP571" */;
			buildPhases = (
				9AB0319E2CBD135300205C50 /* Sources */,
				9AB0319F2CBD135300205C50 /* Frameworks */,
				9AB031A02CBD135300205C50 /* CopyFiles */,
			);
			buildRules = (
			);
			dependencies = (
			);
			fileSystemSynchronizedGroups = (
				9AB031A32CBD135300205C50 /* LuoguP571 */,
			);
			name = LuoguP571;
			packageProductDependencies = (
			);
			productName = LuoguP571;
			productReference = 9AB031A22CBD135300205C50 /* LuoguP571 */;
			productType = "com.apple.product-type.tool";
		};
		9AB031AC2CBD1A0600205C50 /* P5717 */ = {
			isa = PBXNativeTarget;
			buildConfigurationList = 9AB031B12CBD1A0600205C50 /* Build configuration list for PBXNativeTarget "P5717" */;
			buildPhases = (
				9AB031A92CBD1A0600205C50 /* Sources */,
				9AB031AA2CBD1A0600205C50 /* Frameworks */,
				9AB031AB2CBD1A0600205C50 /* CopyFiles */,
			);
			buildRules = (
			);
			dependencies = (
			);
			fileSystemSynchronizedGroups = (
				9AB031AE2CBD1A0600205C50 /* P5717 */,
			);
			name = P5717;
			packageProductDependencies = (
			);
			productName = P5717;
			productReference = 9AB031AD2CBD1A0600205C50 /* P5717 */;
			productType = "com.apple.product-type.tool";
		};
		9AC474172CBBAB6600783482 /* luoguP5710 */ = {
			isa = PBXNativeTarget;
			buildConfigurationList = 9AC4741E2CBBAB6600783482 /* Build configuration list for PBXNativeTarget "luoguP5710" */;
			buildPhases = (
				9AC474142CBBAB6600783482 /* Sources */,
				9AC474152CBBAB6600783482 /* Frameworks */,
				9AC474162CBBAB6600783482 /* CopyFiles */,
			);
			buildRules = (
			);
			dependencies = (
			);
			fileSystemSynchronizedGroups = (
				9AC474192CBBAB6600783482 /* luoguP5710 */,
			);
			name = luoguP5710;
			packageProductDependencies = (
			);
			productName = luoguP5710;
			productReference = 9AC474182CBBAB6600783482 /* luoguP5710 */;
			productType = "com.apple.product-type.tool";
		};
		9AC474222CBBB14D00783482 /* luoguP1085 */ = {
			isa = PBXNativeTarget;
			buildConfigurationList = 9AC474272CBBB14D00783482 /* Build configuration list for PBXNativeTarget "luoguP1085" */;
			buildPhases = (
				9AC4741F2CBBB14D00783482 /* Sources */,
				9AC474202CBBB14D00783482 /* Frameworks */,
				9AC474212CBBB14D00783482 /* CopyFiles */,
			);
			buildRules = (
			);
			dependencies = (
			);
			fileSystemSynchronizedGroups = (
				9AC474242CBBB14D00783482 /* luoguP1085 */,
			);
			name = luoguP1085;
			packageProductDependencies = (
			);
			productName = luoguP1085;
			productReference = 9AC474232CBBB14D00783482 /* luoguP1085 */;
			productType = "com.apple.product-type.tool";
		};
		9ACC4F422CA1A298003D1752 /* header_test */ = {
			isa = PBXNativeTarget;
			buildConfigurationList = 9ACC4F492CA1A298003D1752 /* Build configuration list for PBXNativeTarget "header_test" */;
			buildPhases = (
				9ACC4F3F2CA1A298003D1752 /* Sources */,
				9ACC4F402CA1A298003D1752 /* Frameworks */,
				9ACC4F412CA1A298003D1752 /* CopyFiles */,
			);
			buildRules = (
			);
			dependencies = (
			);
			fileSystemSynchronizedGroups = (
				9ACC4F442CA1A298003D1752 /* header_test */,
			);
			name = header_test;
			packageProductDependencies = (
			);
			productName = header_test;
			productReference = 9ACC4F432CA1A298003D1752 /* header_test */;
			productType = "com.apple.product-type.tool";
		};
		9ADF2C662CE4A372006F05D7 /* P1424 */ = {
			isa = PBXNativeTarget;
			buildConfigurationList = 9ADF2C6D2CE4A372006F05D7 /* Build configuration list for PBXNativeTarget "P1424" */;
			buildPhases = (
				9ADF2C632CE4A372006F05D7 /* Sources */,
				9ADF2C642CE4A372006F05D7 /* Frameworks */,
				9ADF2C652CE4A372006F05D7 /* CopyFiles */,
			);
			buildRules = (
			);
			dependencies = (
			);
			fileSystemSynchronizedGroups = (
				9ADF2C682CE4A372006F05D7 /* P1424 */,
			);
			name = P1424;
			packageProductDependencies = (
			);
			productName = P1424;
			productReference = 9ADF2C672CE4A372006F05D7 /* P1424 */;
			productType = "com.apple.product-type.tool";
		};
		9ADF2C712CE4B0B4006F05D7 /* P1888 */ = {
			isa = PBXNativeTarget;
			buildConfigurationList = 9ADF2C762CE4B0B4006F05D7 /* Build configuration list for PBXNativeTarget "P1888" */;
			buildPhases = (
				9ADF2C6E2CE4B0B4006F05D7 /* Sources */,
				9ADF2C6F2CE4B0B4006F05D7 /* Frameworks */,
				9ADF2C702CE4B0B4006F05D7 /* CopyFiles */,
			);
			buildRules = (
			);
			dependencies = (
			);
			fileSystemSynchronizedGroups = (
				9ADF2C732CE4B0B4006F05D7 /* P1888 */,
			);
			name = P1888;
			packageProductDependencies = (
			);
			productName = P1888;
			productReference = 9ADF2C722CE4B0B4006F05D7 /* P1888 */;
			productType = "com.apple.product-type.tool";
		};
		9ADF2C7C2CE4EF45006F05D7 /* P1046 */ = {
			isa = PBXNativeTarget;
			buildConfigurationList = 9ADF2C812CE4EF45006F05D7 /* Build configuration list for PBXNativeTarget "P1046" */;
			buildPhases = (
				9ADF2C792CE4EF45006F05D7 /* Sources */,
				9ADF2C7A2CE4EF45006F05D7 /* Frameworks */,
				9ADF2C7B2CE4EF45006F05D7 /* CopyFiles */,
			);
			buildRules = (
			);
			dependencies = (
			);
			fileSystemSynchronizedGroups = (
				9ADF2C7E2CE4EF45006F05D7 /* P1046 */,
			);
			name = P1046;
			packageProductDependencies = (
			);
			productName = P1046;
			productReference = 9ADF2C7D2CE4EF45006F05D7 /* P1046 */;
			productType = "com.apple.product-type.tool";
		};
		9AF1A5A82C99868C00EED4CC /* struct3 */ = {
			isa = PBXNativeTarget;
			buildConfigurationList = 9AF1A5AD2C99868C00EED4CC /* Build configuration list for PBXNativeTarget "struct3" */;
			buildPhases = (
				9AF1A5A52C99868C00EED4CC /* Sources */,
				9AF1A5A62C99868C00EED4CC /* Frameworks */,
				9AF1A5A72C99868C00EED4CC /* CopyFiles */,
			);
			buildRules = (
			);
			dependencies = (
			);
			fileSystemSynchronizedGroups = (
				9AF1A5AA2C99868C00EED4CC /* struct3 */,
			);
			name = struct3;
			packageProductDependencies = (
			);
			productName = struct3;
			productReference = 9AF1A5A92C99868C00EED4CC /* struct3 */;
			productType = "com.apple.product-type.tool";
		};
/* End PBXNativeTarget section */

/* Begin PBXProject section */
		9AEA8D8B2C7ECEDD0029B348 /* Project object */ = {
			isa = PBXProject;
			attributes = {
				BuildIndependentTargetsInParallel = 1;
				LastSwiftUpdateCheck = 1600;
				LastUpgradeCheck = 1600;
				TargetAttributes = {
					9A0DA89C2CA6F338006158F9 = {
						CreatedOnToolsVersion = 16.0;
					};
					9A17618C2CCE2F4C00B1CCDB = {
						CreatedOnToolsVersion = 16.0;
					};
					9A1761972CCE335E00B1CCDB = {
						CreatedOnToolsVersion = 16.0;
					};
					9A2F3D7F2CA010C800EF05F4 = {
						CreatedOnToolsVersion = 16.0;
					};
					9A2F3D8C2CA0141700EF05F4 = {
						CreatedOnToolsVersion = 16.0;
					};
					9A3231792CA6D9D6000EF6C0 = {
						CreatedOnToolsVersion = 16.0;
					};
					9A70D4192CD76ACA0059D5FC = {
						CreatedOnToolsVersion = 16.0;
					};
					9A89758C2CBD44A200B89041 = {
						CreatedOnToolsVersion = 16.0;
					};
					9A8975972CC33E8700B89041 = {
						CreatedOnToolsVersion = 16.0;
					};
					9A8975A32CC3512500B89041 = {
						CreatedOnToolsVersion = 16.0;
					};
					9A8975AE2CC3576A00B89041 = {
						CreatedOnToolsVersion = 16.0;
					};
					9A94BA9E2CD9DD2E0027F654 = {
						CreatedOnToolsVersion = 16.0;
					};
					9A94BAA92CDA628A0027F654 = {
						CreatedOnToolsVersion = 16.0;
					};
					9AB031A12CBD135300205C50 = {
						CreatedOnToolsVersion = 16.0;
					};
					9AB031AC2CBD1A0600205C50 = {
						CreatedOnToolsVersion = 16.0;
					};
					9AC474172CBBAB6600783482 = {
						CreatedOnToolsVersion = 16.0;
					};
					9AC474222CBBB14D00783482 = {
						CreatedOnToolsVersion = 16.0;
					};
					9ACC4F422CA1A298003D1752 = {
						CreatedOnToolsVersion = 16.0;
					};
					9ADF2C662CE4A372006F05D7 = {
						CreatedOnToolsVersion = 16.0;
					};
					9ADF2C712CE4B0B4006F05D7 = {
						CreatedOnToolsVersion = 16.0;
					};
					9ADF2C7C2CE4EF45006F05D7 = {
						CreatedOnToolsVersion = 16.0;
					};
					9AF1A5A82C99868C00EED4CC = {
						CreatedOnToolsVersion = 16.0;
					};
				};
			};
			buildConfigurationList = 9AEA8D8E2C7ECEDD0029B348 /* Build configuration list for PBXProject "afsdfasdf" */;
			developmentRegion = en;
			hasScannedForEncodings = 0;
			knownRegions = (
				en,
				Base,
			);
			mainGroup = 9AEA8D8A2C7ECEDD0029B348;
			minimizedProjectReferenceProxies = 1;
			preferredProjectObjectVersion = 77;
			productRefGroup = 9AEA8D942C7ECEDD0029B348 /* Products */;
			projectDirPath = "";
			projectRoot = "";
			targets = (
				9AF1A5A82C99868C00EED4CC /* struct3 */,
				9A2F3D7F2CA010C800EF05F4 /* Multiply */,
				9A2F3D8C2CA0141700EF05F4 /* Practice1 */,
				9ACC4F422CA1A298003D1752 /* header_test */,
				9A3231792CA6D9D6000EF6C0 /* if and loop */,
				9A0DA89C2CA6F338006158F9 /* Switch */,
				9AC474172CBBAB6600783482 /* luoguP5710 */,
				9AC474222CBBB14D00783482 /* luoguP1085 */,
				9AB031A12CBD135300205C50 /* LuoguP571 */,
				9AB031AC2CBD1A0600205C50 /* P5717 */,
				9A89758C2CBD44A200B89041 /* Lesson 3 */,
				9A8975972CC33E8700B89041 /* P5712 */,
				9A8975A32CC3512500B89041 /* P5713 */,
				9A8975AE2CC3576A00B89041 /* Homework */,
				9A17618C2CCE2F4C00B1CCDB /* P5714 */,
				9A1761972CCE335E00B1CCDB /* P5715 */,
				9A70D4192CD76ACA0059D5FC /* pointer */,
				9A94BA9E2CD9DD2E0027F654 /* P5716 */,
				9A94BAA92CDA628A0027F654 /* P1909 */,
				9ADF2C662CE4A372006F05D7 /* P1424 */,
				9ADF2C712CE4B0B4006F05D7 /* P1888 */,
				9ADF2C7C2CE4EF45006F05D7 /* P1046 */,
			);
		};
/* End PBXProject section */

/* Begin PBXSourcesBuildPhase section */
		9A0DA8992CA6F338006158F9 /* Sources */ = {
			isa = PBXSourcesBuildPhase;
			buildActionMask = 2147483647;
			files = (
			);
			runOnlyForDeploymentPostprocessing = 0;
		};
		9A1761892CCE2F4C00B1CCDB /* Sources */ = {
			isa = PBXSourcesBuildPhase;
			buildActionMask = 2147483647;
			files = (
			);
			runOnlyForDeploymentPostprocessing = 0;
		};
		9A1761942CCE335E00B1CCDB /* Sources */ = {
			isa = PBXSourcesBuildPhase;
			buildActionMask = 2147483647;
			files = (
			);
			runOnlyForDeploymentPostprocessing = 0;
		};
		9A2F3D7C2CA010C800EF05F4 /* Sources */ = {
			isa = PBXSourcesBuildPhase;
			buildActionMask = 2147483647;
			files = (
			);
			runOnlyForDeploymentPostprocessing = 0;
		};
		9A2F3D892CA0141700EF05F4 /* Sources */ = {
			isa = PBXSourcesBuildPhase;
			buildActionMask = 2147483647;
			files = (
			);
			runOnlyForDeploymentPostprocessing = 0;
		};
		9A3231762CA6D9D6000EF6C0 /* Sources */ = {
			isa = PBXSourcesBuildPhase;
			buildActionMask = 2147483647;
			files = (
			);
			runOnlyForDeploymentPostprocessing = 0;
		};
		9A70D4162CD76ACA0059D5FC /* Sources */ = {
			isa = PBXSourcesBuildPhase;
			buildActionMask = 2147483647;
			files = (
			);
			runOnlyForDeploymentPostprocessing = 0;
		};
		9A8975892CBD44A200B89041 /* Sources */ = {
			isa = PBXSourcesBuildPhase;
			buildActionMask = 2147483647;
			files = (
			);
			runOnlyForDeploymentPostprocessing = 0;
		};
		9A8975942CC33E8700B89041 /* Sources */ = {
			isa = PBXSourcesBuildPhase;
			buildActionMask = 2147483647;
			files = (
			);
			runOnlyForDeploymentPostprocessing = 0;
		};
		9A8975A02CC3512500B89041 /* Sources */ = {
			isa = PBXSourcesBuildPhase;
			buildActionMask = 2147483647;
			files = (
			);
			runOnlyForDeploymentPostprocessing = 0;
		};
		9A8975AB2CC3576A00B89041 /* Sources */ = {
			isa = PBXSourcesBuildPhase;
			buildActionMask = 2147483647;
			files = (
			);
			runOnlyForDeploymentPostprocessing = 0;
		};
		9A94BA9B2CD9DD2E0027F654 /* Sources */ = {
			isa = PBXSourcesBuildPhase;
			buildActionMask = 2147483647;
			files = (
			);
			runOnlyForDeploymentPostprocessing = 0;
		};
		9A94BAA62CDA628A0027F654 /* Sources */ = {
			isa = PBXSourcesBuildPhase;
			buildActionMask = 2147483647;
			files = (
			);
			runOnlyForDeploymentPostprocessing = 0;
		};
		9AB0319E2CBD135300205C50 /* Sources */ = {
			isa = PBXSourcesBuildPhase;
			buildActionMask = 2147483647;
			files = (
			);
			runOnlyForDeploymentPostprocessing = 0;
		};
		9AB031A92CBD1A0600205C50 /* Sources */ = {
			isa = PBXSourcesBuildPhase;
			buildActionMask = 2147483647;
			files = (
			);
			runOnlyForDeploymentPostprocessing = 0;
		};
		9AC474142CBBAB6600783482 /* Sources */ = {
			isa = PBXSourcesBuildPhase;
			buildActionMask = 2147483647;
			files = (
			);
			runOnlyForDeploymentPostprocessing = 0;
		};
		9AC4741F2CBBB14D00783482 /* Sources */ = {
			isa = PBXSourcesBuildPhase;
			buildActionMask = 2147483647;
			files = (
			);
			runOnlyForDeploymentPostprocessing = 0;
		};
		9ACC4F3F2CA1A298003D1752 /* Sources */ = {
			isa = PBXSourcesBuildPhase;
			buildActionMask = 2147483647;
			files = (
			);
			runOnlyForDeploymentPostprocessing = 0;
		};
		9ADF2C632CE4A372006F05D7 /* Sources */ = {
			isa = PBXSourcesBuildPhase;
			buildActionMask = 2147483647;
			files = (
			);
			runOnlyForDeploymentPostprocessing = 0;
		};
		9ADF2C6E2CE4B0B4006F05D7 /* Sources */ = {
			isa = PBXSourcesBuildPhase;
			buildActionMask = 2147483647;
			files = (
			);
			runOnlyForDeploymentPostprocessing = 0;
		};
		9ADF2C792CE4EF45006F05D7 /* Sources */ = {
			isa = PBXSourcesBuildPhase;
			buildActionMask = 2147483647;
			files = (
			);
			runOnlyForDeploymentPostprocessing = 0;
		};
		9AF1A5A52C99868C00EED4CC /* Sources */ = {
			isa = PBXSourcesBuildPhase;
			buildActionMask = 2147483647;
			files = (
			);
			runOnlyForDeploymentPostprocessing = 0;
		};
/* End PBXSourcesBuildPhase section */

/* Begin XCBuildConfiguration section */
		9A0DA8A22CA6F338006158F9 /* Debug */ = {
			isa = XCBuildConfiguration;
			buildSettings = {
				CODE_SIGN_STYLE = Automatic;
				DEVELOPMENT_TEAM = VB638K6WFU;
				ENABLE_HARDENED_RUNTIME = YES;
				PRODUCT_NAME = "$(TARGET_NAME)";
			};
			name = Debug;
		};
		9A0DA8A32CA6F338006158F9 /* Release */ = {
			isa = XCBuildConfiguration;
			buildSettings = {
				CODE_SIGN_STYLE = Automatic;
				DEVELOPMENT_TEAM = VB638K6WFU;
				ENABLE_HARDENED_RUNTIME = YES;
				PRODUCT_NAME = "$(TARGET_NAME)";
			};
			name = Release;
		};
		9A1761912CCE2F4C00B1CCDB /* Debug */ = {
			isa = XCBuildConfiguration;
			buildSettings = {
				CODE_SIGN_STYLE = Automatic;
				DEVELOPMENT_TEAM = VB638K6WFU;
				ENABLE_HARDENED_RUNTIME = YES;
				PRODUCT_NAME = "$(TARGET_NAME)";
			};
			name = Debug;
		};
		9A1761922CCE2F4C00B1CCDB /* Release */ = {
			isa = XCBuildConfiguration;
			buildSettings = {
				CODE_SIGN_STYLE = Automatic;
				DEVELOPMENT_TEAM = VB638K6WFU;
				ENABLE_HARDENED_RUNTIME = YES;
				PRODUCT_NAME = "$(TARGET_NAME)";
			};
			name = Release;
		};
		9A17619D2CCE335E00B1CCDB /* Debug */ = {
			isa = XCBuildConfiguration;
			buildSettings = {
				CODE_SIGN_STYLE = Automatic;
				DEVELOPMENT_TEAM = VB638K6WFU;
				ENABLE_HARDENED_RUNTIME = YES;
				PRODUCT_NAME = "$(TARGET_NAME)";
			};
			name = Debug;
		};
		9A17619E2CCE335E00B1CCDB /* Release */ = {
			isa = XCBuildConfiguration;
			buildSettings = {
				CODE_SIGN_STYLE = Automatic;
				DEVELOPMENT_TEAM = VB638K6WFU;
				ENABLE_HARDENED_RUNTIME = YES;
				PRODUCT_NAME = "$(TARGET_NAME)";
			};
			name = Release;
		};
		9A2F3D852CA010C800EF05F4 /* Debug */ = {
			isa = XCBuildConfiguration;
			buildSettings = {
				CODE_SIGN_STYLE = Automatic;
				DEVELOPMENT_TEAM = VB638K6WFU;
				ENABLE_HARDENED_RUNTIME = YES;
				PRODUCT_NAME = "$(TARGET_NAME)";
			};
			name = Debug;
		};
		9A2F3D862CA010C800EF05F4 /* Release */ = {
			isa = XCBuildConfiguration;
			buildSettings = {
				CODE_SIGN_STYLE = Automatic;
				DEVELOPMENT_TEAM = VB638K6WFU;
				ENABLE_HARDENED_RUNTIME = YES;
				PRODUCT_NAME = "$(TARGET_NAME)";
			};
			name = Release;
		};
		9A2F3D922CA0141700EF05F4 /* Debug */ = {
			isa = XCBuildConfiguration;
			buildSettings = {
				CODE_SIGN_STYLE = Automatic;
				DEVELOPMENT_TEAM = VB638K6WFU;
				ENABLE_HARDENED_RUNTIME = YES;
				PRODUCT_NAME = "$(TARGET_NAME)";
			};
			name = Debug;
		};
		9A2F3D932CA0141700EF05F4 /* Release */ = {
			isa = XCBuildConfiguration;
			buildSettings = {
				CODE_SIGN_STYLE = Automatic;
				DEVELOPMENT_TEAM = VB638K6WFU;
				ENABLE_HARDENED_RUNTIME = YES;
				PRODUCT_NAME = "$(TARGET_NAME)";
			};
			name = Release;
		};
		9A32317E2CA6D9D6000EF6C0 /* Debug */ = {
			isa = XCBuildConfiguration;
			buildSettings = {
				CODE_SIGN_STYLE = Automatic;
				DEVELOPMENT_TEAM = VB638K6WFU;
				ENABLE_HARDENED_RUNTIME = YES;
				PRODUCT_NAME = "$(TARGET_NAME)";
			};
			name = Debug;
		};
		9A32317F2CA6D9D6000EF6C0 /* Release */ = {
			isa = XCBuildConfiguration;
			buildSettings = {
				CODE_SIGN_STYLE = Automatic;
				DEVELOPMENT_TEAM = VB638K6WFU;
				ENABLE_HARDENED_RUNTIME = YES;
				PRODUCT_NAME = "$(TARGET_NAME)";
			};
			name = Release;
		};
		9A70D41F2CD76ACA0059D5FC /* Debug */ = {
			isa = XCBuildConfiguration;
			buildSettings = {
				CODE_SIGN_STYLE = Automatic;
				DEVELOPMENT_TEAM = VB638K6WFU;
				ENABLE_HARDENED_RUNTIME = YES;
				PRODUCT_NAME = "$(TARGET_NAME)";
			};
			name = Debug;
		};
		9A70D4202CD76ACA0059D5FC /* Release */ = {
			isa = XCBuildConfiguration;
			buildSettings = {
				CODE_SIGN_STYLE = Automatic;
				DEVELOPMENT_TEAM = VB638K6WFU;
				ENABLE_HARDENED_RUNTIME = YES;
				PRODUCT_NAME = "$(TARGET_NAME)";
			};
			name = Release;
		};
		9A8975912CBD44A200B89041 /* Debug */ = {
			isa = XCBuildConfiguration;
			buildSettings = {
				CODE_SIGN_STYLE = Automatic;
				DEVELOPMENT_TEAM = VB638K6WFU;
				ENABLE_HARDENED_RUNTIME = YES;
				PRODUCT_NAME = "$(TARGET_NAME)";
			};
			name = Debug;
		};
		9A8975922CBD44A200B89041 /* Release */ = {
			isa = XCBuildConfiguration;
			buildSettings = {
				CODE_SIGN_STYLE = Automatic;
				DEVELOPMENT_TEAM = VB638K6WFU;
				ENABLE_HARDENED_RUNTIME = YES;
				PRODUCT_NAME = "$(TARGET_NAME)";
			};
			name = Release;
		};
		9A89759D2CC33E8700B89041 /* Debug */ = {
			isa = XCBuildConfiguration;
			buildSettings = {
				CODE_SIGN_STYLE = Automatic;
				DEVELOPMENT_TEAM = VB638K6WFU;
				ENABLE_HARDENED_RUNTIME = YES;
				PRODUCT_NAME = "$(TARGET_NAME)";
			};
			name = Debug;
		};
		9A89759E2CC33E8700B89041 /* Release */ = {
			isa = XCBuildConfiguration;
			buildSettings = {
				CODE_SIGN_STYLE = Automatic;
				DEVELOPMENT_TEAM = VB638K6WFU;
				ENABLE_HARDENED_RUNTIME = YES;
				PRODUCT_NAME = "$(TARGET_NAME)";
			};
			name = Release;
		};
		9A8975A92CC3512500B89041 /* Debug */ = {
			isa = XCBuildConfiguration;
			buildSettings = {
				CODE_SIGN_STYLE = Automatic;
				DEVELOPMENT_TEAM = VB638K6WFU;
				ENABLE_HARDENED_RUNTIME = YES;
				PRODUCT_NAME = "$(TARGET_NAME)";
			};
			name = Debug;
		};
		9A8975AA2CC3512500B89041 /* Release */ = {
			isa = XCBuildConfiguration;
			buildSettings = {
				CODE_SIGN_STYLE = Automatic;
				DEVELOPMENT_TEAM = VB638K6WFU;
				ENABLE_HARDENED_RUNTIME = YES;
				PRODUCT_NAME = "$(TARGET_NAME)";
			};
			name = Release;
		};
		9A8975B42CC3576A00B89041 /* Debug */ = {
			isa = XCBuildConfiguration;
			buildSettings = {
				CODE_SIGN_STYLE = Automatic;
				DEVELOPMENT_TEAM = VB638K6WFU;
				ENABLE_HARDENED_RUNTIME = YES;
				PRODUCT_NAME = "$(TARGET_NAME)";
			};
			name = Debug;
		};
		9A8975B52CC3576A00B89041 /* Release */ = {
			isa = XCBuildConfiguration;
			buildSettings = {
				CODE_SIGN_STYLE = Automatic;
				DEVELOPMENT_TEAM = VB638K6WFU;
				ENABLE_HARDENED_RUNTIME = YES;
				PRODUCT_NAME = "$(TARGET_NAME)";
			};
			name = Release;
		};
		9A94BAA32CD9DD2E0027F654 /* Debug */ = {
			isa = XCBuildConfiguration;
			buildSettings = {
				CODE_SIGN_STYLE = Automatic;
				DEVELOPMENT_TEAM = VB638K6WFU;
				ENABLE_HARDENED_RUNTIME = YES;
				PRODUCT_NAME = "$(TARGET_NAME)";
			};
			name = Debug;
		};
		9A94BAA42CD9DD2E0027F654 /* Release */ = {
			isa = XCBuildConfiguration;
			buildSettings = {
				CODE_SIGN_STYLE = Automatic;
				DEVELOPMENT_TEAM = VB638K6WFU;
				ENABLE_HARDENED_RUNTIME = YES;
				PRODUCT_NAME = "$(TARGET_NAME)";
			};
			name = Release;
		};
		9A94BAAF2CDA628A0027F654 /* Debug */ = {
			isa = XCBuildConfiguration;
			buildSettings = {
				CODE_SIGN_STYLE = Automatic;
				DEVELOPMENT_TEAM = VB638K6WFU;
				ENABLE_HARDENED_RUNTIME = YES;
				PRODUCT_NAME = "$(TARGET_NAME)";
			};
			name = Debug;
		};
		9A94BAB02CDA628A0027F654 /* Release */ = {
			isa = XCBuildConfiguration;
			buildSettings = {
				CODE_SIGN_STYLE = Automatic;
				DEVELOPMENT_TEAM = VB638K6WFU;
				ENABLE_HARDENED_RUNTIME = YES;
				PRODUCT_NAME = "$(TARGET_NAME)";
			};
			name = Release;
		};
		9AB031A62CBD135300205C50 /* Debug */ = {
			isa = XCBuildConfiguration;
			buildSettings = {
				CODE_SIGN_STYLE = Automatic;
				DEVELOPMENT_TEAM = VB638K6WFU;
				ENABLE_HARDENED_RUNTIME = YES;
				PRODUCT_NAME = "$(TARGET_NAME)";
			};
			name = Debug;
		};
		9AB031A72CBD135300205C50 /* Release */ = {
			isa = XCBuildConfiguration;
			buildSettings = {
				CODE_SIGN_STYLE = Automatic;
				DEVELOPMENT_TEAM = VB638K6WFU;
				ENABLE_HARDENED_RUNTIME = YES;
				PRODUCT_NAME = "$(TARGET_NAME)";
			};
			name = Release;
		};
		9AB031B22CBD1A0600205C50 /* Debug */ = {
			isa = XCBuildConfiguration;
			buildSettings = {
				CODE_SIGN_STYLE = Automatic;
				DEVELOPMENT_TEAM = VB638K6WFU;
				ENABLE_HARDENED_RUNTIME = YES;
				PRODUCT_NAME = "$(TARGET_NAME)";
			};
			name = Debug;
		};
		9AB031B32CBD1A0600205C50 /* Release */ = {
			isa = XCBuildConfiguration;
			buildSettings = {
				CODE_SIGN_STYLE = Automatic;
				DEVELOPMENT_TEAM = VB638K6WFU;
				ENABLE_HARDENED_RUNTIME = YES;
				PRODUCT_NAME = "$(TARGET_NAME)";
			};
			name = Release;
		};
		9AC4741C2CBBAB6600783482 /* Debug */ = {
			isa = XCBuildConfiguration;
			buildSettings = {
				CODE_SIGN_STYLE = Automatic;
				DEVELOPMENT_TEAM = VB638K6WFU;
				ENABLE_HARDENED_RUNTIME = YES;
				PRODUCT_NAME = "$(TARGET_NAME)";
			};
			name = Debug;
		};
		9AC4741D2CBBAB6600783482 /* Release */ = {
			isa = XCBuildConfiguration;
			buildSettings = {
				CODE_SIGN_STYLE = Automatic;
				DEVELOPMENT_TEAM = VB638K6WFU;
				ENABLE_HARDENED_RUNTIME = YES;
				PRODUCT_NAME = "$(TARGET_NAME)";
			};
			name = Release;
		};
		9AC474282CBBB14D00783482 /* Debug */ = {
			isa = XCBuildConfiguration;
			buildSettings = {
				CODE_SIGN_STYLE = Automatic;
				DEVELOPMENT_TEAM = VB638K6WFU;
				ENABLE_HARDENED_RUNTIME = YES;
				PRODUCT_NAME = "$(TARGET_NAME)";
			};
			name = Debug;
		};
		9AC474292CBBB14D00783482 /* Release */ = {
			isa = XCBuildConfiguration;
			buildSettings = {
				CODE_SIGN_STYLE = Automatic;
				DEVELOPMENT_TEAM = VB638K6WFU;
				ENABLE_HARDENED_RUNTIME = YES;
				PRODUCT_NAME = "$(TARGET_NAME)";
			};
			name = Release;
		};
		9ACC4F472CA1A298003D1752 /* Debug */ = {
			isa = XCBuildConfiguration;
			buildSettings = {
				CODE_SIGN_STYLE = Automatic;
				DEVELOPMENT_TEAM = VB638K6WFU;
				ENABLE_HARDENED_RUNTIME = YES;
				PRODUCT_NAME = "$(TARGET_NAME)";
			};
			name = Debug;
		};
		9ACC4F482CA1A298003D1752 /* Release */ = {
			isa = XCBuildConfiguration;
			buildSettings = {
				CODE_SIGN_STYLE = Automatic;
				DEVELOPMENT_TEAM = VB638K6WFU;
				ENABLE_HARDENED_RUNTIME = YES;
				PRODUCT_NAME = "$(TARGET_NAME)";
			};
			name = Release;
		};
		9ADF2C6B2CE4A372006F05D7 /* Debug */ = {
			isa = XCBuildConfiguration;
			buildSettings = {
				CODE_SIGN_STYLE = Automatic;
				DEVELOPMENT_TEAM = VB638K6WFU;
				ENABLE_HARDENED_RUNTIME = YES;
				PRODUCT_NAME = "$(TARGET_NAME)";
			};
			name = Debug;
		};
		9ADF2C6C2CE4A372006F05D7 /* Release */ = {
			isa = XCBuildConfiguration;
			buildSettings = {
				CODE_SIGN_STYLE = Automatic;
				DEVELOPMENT_TEAM = VB638K6WFU;
				ENABLE_HARDENED_RUNTIME = YES;
				PRODUCT_NAME = "$(TARGET_NAME)";
			};
			name = Release;
		};
		9ADF2C772CE4B0B4006F05D7 /* Debug */ = {
			isa = XCBuildConfiguration;
			buildSettings = {
				CODE_SIGN_STYLE = Automatic;
				DEVELOPMENT_TEAM = VB638K6WFU;
				ENABLE_HARDENED_RUNTIME = YES;
				PRODUCT_NAME = "$(TARGET_NAME)";
			};
			name = Debug;
		};
		9ADF2C782CE4B0B4006F05D7 /* Release */ = {
			isa = XCBuildConfiguration;
			buildSettings = {
				CODE_SIGN_STYLE = Automatic;
				DEVELOPMENT_TEAM = VB638K6WFU;
				ENABLE_HARDENED_RUNTIME = YES;
				PRODUCT_NAME = "$(TARGET_NAME)";
			};
			name = Release;
		};
		9ADF2C822CE4EF45006F05D7 /* Debug */ = {
			isa = XCBuildConfiguration;
			buildSettings = {
				CODE_SIGN_STYLE = Automatic;
				DEVELOPMENT_TEAM = VB638K6WFU;
				ENABLE_HARDENED_RUNTIME = YES;
				PRODUCT_NAME = "$(TARGET_NAME)";
			};
			name = Debug;
		};
		9ADF2C832CE4EF45006F05D7 /* Release */ = {
			isa = XCBuildConfiguration;
			buildSettings = {
				CODE_SIGN_STYLE = Automatic;
				DEVELOPMENT_TEAM = VB638K6WFU;
				ENABLE_HARDENED_RUNTIME = YES;
				PRODUCT_NAME = "$(TARGET_NAME)";
			};
			name = Release;
		};
		9AEA8D982C7ECEDD0029B348 /* Debug */ = {
			isa = XCBuildConfiguration;
			buildSettings = {
				ALWAYS_SEARCH_USER_PATHS = NO;
				ASSETCATALOG_COMPILER_GENERATE_SWIFT_ASSET_SYMBOL_EXTENSIONS = YES;
				CLANG_ANALYZER_NONNULL = YES;
				CLANG_ANALYZER_NUMBER_OBJECT_CONVERSION = YES_AGGRESSIVE;
				CLANG_CXX_LANGUAGE_STANDARD = "gnu++20";
				CLANG_ENABLE_MODULES = YES;
				CLANG_ENABLE_OBJC_ARC = YES;
				CLANG_ENABLE_OBJC_WEAK = YES;
				CLANG_WARN_BLOCK_CAPTURE_AUTORELEASING = YES;
				CLANG_WARN_BOOL_CONVERSION = YES;
				CLANG_WARN_COMMA = YES;
				CLANG_WARN_CONSTANT_CONVERSION = YES;
				CLANG_WARN_DEPRECATED_OBJC_IMPLEMENTATIONS = YES;
				CLANG_WARN_DIRECT_OBJC_ISA_USAGE = YES_ERROR;
				CLANG_WARN_DOCUMENTATION_COMMENTS = YES;
				CLANG_WARN_EMPTY_BODY = YES;
				CLANG_WARN_ENUM_CONVERSION = YES;
				CLANG_WARN_INFINITE_RECURSION = YES;
				CLANG_WARN_INT_CONVERSION = YES;
				CLANG_WARN_NON_LITERAL_NULL_CONVERSION = YES;
				CLANG_WARN_OBJC_IMPLICIT_RETAIN_SELF = YES;
				CLANG_WARN_OBJC_LITERAL_CONVERSION = YES;
				CLANG_WARN_OBJC_ROOT_CLASS = YES_ERROR;
				CLANG_WARN_QUOTED_INCLUDE_IN_FRAMEWORK_HEADER = YES;
				CLANG_WARN_RANGE_LOOP_ANALYSIS = YES;
				CLANG_WARN_STRICT_PROTOTYPES = YES;
				CLANG_WARN_SUSPICIOUS_MOVE = YES;
				CLANG_WARN_UNGUARDED_AVAILABILITY = YES_AGGRESSIVE;
				CLANG_WARN_UNREACHABLE_CODE = YES;
				CLANG_WARN__DUPLICATE_METHOD_MATCH = YES;
				COPY_PHASE_STRIP = NO;
				DEBUG_INFORMATION_FORMAT = dwarf;
				ENABLE_STRICT_OBJC_MSGSEND = YES;
				ENABLE_TESTABILITY = YES;
				ENABLE_USER_SCRIPT_SANDBOXING = YES;
				GCC_C_LANGUAGE_STANDARD = gnu17;
				GCC_DYNAMIC_NO_PIC = NO;
				GCC_NO_COMMON_BLOCKS = YES;
				GCC_OPTIMIZATION_LEVEL = 0;
				GCC_PREPROCESSOR_DEFINITIONS = (
					"DEBUG=1",
					"$(inherited)",
				);
				GCC_WARN_64_TO_32_BIT_CONVERSION = YES;
				GCC_WARN_ABOUT_RETURN_TYPE = YES_ERROR;
				GCC_WARN_UNDECLARED_SELECTOR = YES;
				GCC_WARN_UNINITIALIZED_AUTOS = YES_AGGRESSIVE;
				GCC_WARN_UNUSED_FUNCTION = YES;
				GCC_WARN_UNUSED_VARIABLE = YES;
				LOCALIZATION_PREFERS_STRING_CATALOGS = YES;
				MACOSX_DEPLOYMENT_TARGET = 15.0;
				MTL_ENABLE_DEBUG_INFO = INCLUDE_SOURCE;
				MTL_FAST_MATH = YES;
				ONLY_ACTIVE_ARCH = YES;
				SDKROOT = macosx;
			};
			name = Debug;
		};
		9AEA8D992C7ECEDD0029B348 /* Release */ = {
			isa = XCBuildConfiguration;
			buildSettings = {
				ALWAYS_SEARCH_USER_PATHS = NO;
				ASSETCATALOG_COMPILER_GENERATE_SWIFT_ASSET_SYMBOL_EXTENSIONS = YES;
				CLANG_ANALYZER_NONNULL = YES;
				CLANG_ANALYZER_NUMBER_OBJECT_CONVERSION = YES_AGGRESSIVE;
				CLANG_CXX_LANGUAGE_STANDARD = "gnu++20";
				CLANG_ENABLE_MODULES = YES;
				CLANG_ENABLE_OBJC_ARC = YES;
				CLANG_ENABLE_OBJC_WEAK = YES;
				CLANG_WARN_BLOCK_CAPTURE_AUTORELEASING = YES;
				CLANG_WARN_BOOL_CONVERSION = YES;
				CLANG_WARN_COMMA = YES;
				CLANG_WARN_CONSTANT_CONVERSION = YES;
				CLANG_WARN_DEPRECATED_OBJC_IMPLEMENTATIONS = YES;
				CLANG_WARN_DIRECT_OBJC_ISA_USAGE = YES_ERROR;
				CLANG_WARN_DOCUMENTATION_COMMENTS = YES;
				CLANG_WARN_EMPTY_BODY = YES;
				CLANG_WARN_ENUM_CONVERSION = YES;
				CLANG_WARN_INFINITE_RECURSION = YES;
				CLANG_WARN_INT_CONVERSION = YES;
				CLANG_WARN_NON_LITERAL_NULL_CONVERSION = YES;
				CLANG_WARN_OBJC_IMPLICIT_RETAIN_SELF = YES;
				CLANG_WARN_OBJC_LITERAL_CONVERSION = YES;
				CLANG_WARN_OBJC_ROOT_CLASS = YES_ERROR;
				CLANG_WARN_QUOTED_INCLUDE_IN_FRAMEWORK_HEADER = YES;
				CLANG_WARN_RANGE_LOOP_ANALYSIS = YES;
				CLANG_WARN_STRICT_PROTOTYPES = YES;
				CLANG_WARN_SUSPICIOUS_MOVE = YES;
				CLANG_WARN_UNGUARDED_AVAILABILITY = YES_AGGRESSIVE;
				CLANG_WARN_UNREACHABLE_CODE = YES;
				CLANG_WARN__DUPLICATE_METHOD_MATCH = YES;
				COPY_PHASE_STRIP = NO;
				DEBUG_INFORMATION_FORMAT = "dwarf-with-dsym";
				ENABLE_NS_ASSERTIONS = NO;
				ENABLE_STRICT_OBJC_MSGSEND = YES;
				ENABLE_USER_SCRIPT_SANDBOXING = YES;
				GCC_C_LANGUAGE_STANDARD = gnu17;
				GCC_NO_COMMON_BLOCKS = YES;
				GCC_WARN_64_TO_32_BIT_CONVERSION = YES;
				GCC_WARN_ABOUT_RETURN_TYPE = YES_ERROR;
				GCC_WARN_UNDECLARED_SELECTOR = YES;
				GCC_WARN_UNINITIALIZED_AUTOS = YES_AGGRESSIVE;
				GCC_WARN_UNUSED_FUNCTION = YES;
				GCC_WARN_UNUSED_VARIABLE = YES;
				LOCALIZATION_PREFERS_STRING_CATALOGS = YES;
				MACOSX_DEPLOYMENT_TARGET = 15.0;
				MTL_ENABLE_DEBUG_INFO = NO;
				MTL_FAST_MATH = YES;
				SDKROOT = macosx;
			};
			name = Release;
		};
		9AF1A5AE2C99868C00EED4CC /* Debug */ = {
			isa = XCBuildConfiguration;
			buildSettings = {
				CODE_SIGN_STYLE = Automatic;
				DEVELOPMENT_TEAM = VB638K6WFU;
				ENABLE_HARDENED_RUNTIME = YES;
				PRODUCT_NAME = "$(TARGET_NAME)";
			};
			name = Debug;
		};
		9AF1A5AF2C99868C00EED4CC /* Release */ = {
			isa = XCBuildConfiguration;
			buildSettings = {
				CODE_SIGN_STYLE = Automatic;
				DEVELOPMENT_TEAM = VB638K6WFU;
				ENABLE_HARDENED_RUNTIME = YES;
				PRODUCT_NAME = "$(TARGET_NAME)";
			};
			name = Release;
		};
/* End XCBuildConfiguration section */

/* Begin XCConfigurationList section */
		9A0DA8A12CA6F338006158F9 /* Build configuration list for PBXNativeTarget "Switch" */ = {
			isa = XCConfigurationList;
			buildConfigurations = (
				9A0DA8A22CA6F338006158F9 /* Debug */,
				9A0DA8A32CA6F338006158F9 /* Release */,
			);
			defaultConfigurationIsVisible = 0;
			defaultConfigurationName = Release;
		};
		9A1761932CCE2F4C00B1CCDB /* Build configuration list for PBXNativeTarget "P5714" */ = {
			isa = XCConfigurationList;
			buildConfigurations = (
				9A1761912CCE2F4C00B1CCDB /* Debug */,
				9A1761922CCE2F4C00B1CCDB /* Release */,
			);
			defaultConfigurationIsVisible = 0;
			defaultConfigurationName = Release;
		};
		9A17619C2CCE335E00B1CCDB /* Build configuration list for PBXNativeTarget "P5715" */ = {
			isa = XCConfigurationList;
			buildConfigurations = (
				9A17619D2CCE335E00B1CCDB /* Debug */,
				9A17619E2CCE335E00B1CCDB /* Release */,
			);
			defaultConfigurationIsVisible = 0;
			defaultConfigurationName = Release;
		};
		9A2F3D842CA010C800EF05F4 /* Build configuration list for PBXNativeTarget "Multiply" */ = {
			isa = XCConfigurationList;
			buildConfigurations = (
				9A2F3D852CA010C800EF05F4 /* Debug */,
				9A2F3D862CA010C800EF05F4 /* Release */,
			);
			defaultConfigurationIsVisible = 0;
			defaultConfigurationName = Release;
		};
		9A2F3D912CA0141700EF05F4 /* Build configuration list for PBXNativeTarget "Practice1" */ = {
			isa = XCConfigurationList;
			buildConfigurations = (
				9A2F3D922CA0141700EF05F4 /* Debug */,
				9A2F3D932CA0141700EF05F4 /* Release */,
			);
			defaultConfigurationIsVisible = 0;
			defaultConfigurationName = Release;
		};
		9A3231802CA6D9D6000EF6C0 /* Build configuration list for PBXNativeTarget "if and loop" */ = {
			isa = XCConfigurationList;
			buildConfigurations = (
				9A32317E2CA6D9D6000EF6C0 /* Debug */,
				9A32317F2CA6D9D6000EF6C0 /* Release */,
			);
			defaultConfigurationIsVisible = 0;
			defaultConfigurationName = Release;
		};
		9A70D41E2CD76ACA0059D5FC /* Build configuration list for PBXNativeTarget "pointer" */ = {
			isa = XCConfigurationList;
			buildConfigurations = (
				9A70D41F2CD76ACA0059D5FC /* Debug */,
				9A70D4202CD76ACA0059D5FC /* Release */,
			);
			defaultConfigurationIsVisible = 0;
			defaultConfigurationName = Release;
		};
		9A8975932CBD44A200B89041 /* Build configuration list for PBXNativeTarget "Lesson 3" */ = {
			isa = XCConfigurationList;
			buildConfigurations = (
				9A8975912CBD44A200B89041 /* Debug */,
				9A8975922CBD44A200B89041 /* Release */,
			);
			defaultConfigurationIsVisible = 0;
			defaultConfigurationName = Release;
		};
		9A89759C2CC33E8700B89041 /* Build configuration list for PBXNativeTarget "P5712" */ = {
			isa = XCConfigurationList;
			buildConfigurations = (
				9A89759D2CC33E8700B89041 /* Debug */,
				9A89759E2CC33E8700B89041 /* Release */,
			);
			defaultConfigurationIsVisible = 0;
			defaultConfigurationName = Release;
		};
		9A8975A82CC3512500B89041 /* Build configuration list for PBXNativeTarget "P5713" */ = {
			isa = XCConfigurationList;
			buildConfigurations = (
				9A8975A92CC3512500B89041 /* Debug */,
				9A8975AA2CC3512500B89041 /* Release */,
			);
			defaultConfigurationIsVisible = 0;
			defaultConfigurationName = Release;
		};
		9A8975B32CC3576A00B89041 /* Build configuration list for PBXNativeTarget "Homework" */ = {
			isa = XCConfigurationList;
			buildConfigurations = (
				9A8975B42CC3576A00B89041 /* Debug */,
				9A8975B52CC3576A00B89041 /* Release */,
			);
			defaultConfigurationIsVisible = 0;
			defaultConfigurationName = Release;
		};
		9A94BAA52CD9DD2E0027F654 /* Build configuration list for PBXNativeTarget "P5716" */ = {
			isa = XCConfigurationList;
			buildConfigurations = (
				9A94BAA32CD9DD2E0027F654 /* Debug */,
				9A94BAA42CD9DD2E0027F654 /* Release */,
			);
			defaultConfigurationIsVisible = 0;
			defaultConfigurationName = Release;
		};
		9A94BAAE2CDA628A0027F654 /* Build configuration list for PBXNativeTarget "P1909" */ = {
			isa = XCConfigurationList;
			buildConfigurations = (
				9A94BAAF2CDA628A0027F654 /* Debug */,
				9A94BAB02CDA628A0027F654 /* Release */,
			);
			defaultConfigurationIsVisible = 0;
			defaultConfigurationName = Release;
		};
		9AB031A82CBD135300205C50 /* Build configuration list for PBXNativeTarget "LuoguP571" */ = {
			isa = XCConfigurationList;
			buildConfigurations = (
				9AB031A62CBD135300205C50 /* Debug */,
				9AB031A72CBD135300205C50 /* Release */,
			);
			defaultConfigurationIsVisible = 0;
			defaultConfigurationName = Release;
		};
		9AB031B12CBD1A0600205C50 /* Build configuration list for PBXNativeTarget "P5717" */ = {
			isa = XCConfigurationList;
			buildConfigurations = (
				9AB031B22CBD1A0600205C50 /* Debug */,
				9AB031B32CBD1A0600205C50 /* Release */,
			);
			defaultConfigurationIsVisible = 0;
			defaultConfigurationName = Release;
		};
		9AC4741E2CBBAB6600783482 /* Build configuration list for PBXNativeTarget "luoguP5710" */ = {
			isa = XCConfigurationList;
			buildConfigurations = (
				9AC4741C2CBBAB6600783482 /* Debug */,
				9AC4741D2CBBAB6600783482 /* Release */,
			);
			defaultConfigurationIsVisible = 0;
			defaultConfigurationName = Release;
		};
		9AC474272CBBB14D00783482 /* Build configuration list for PBXNativeTarget "luoguP1085" */ = {
			isa = XCConfigurationList;
			buildConfigurations = (
				9AC474282CBBB14D00783482 /* Debug */,
				9AC474292CBBB14D00783482 /* Release */,
			);
			defaultConfigurationIsVisible = 0;
			defaultConfigurationName = Release;
		};
		9ACC4F492CA1A298003D1752 /* Build configuration list for PBXNativeTarget "header_test" */ = {
			isa = XCConfigurationList;
			buildConfigurations = (
				9ACC4F472CA1A298003D1752 /* Debug */,
				9ACC4F482CA1A298003D1752 /* Release */,
			);
			defaultConfigurationIsVisible = 0;
			defaultConfigurationName = Release;
		};
		9ADF2C6D2CE4A372006F05D7 /* Build configuration list for PBXNativeTarget "P1424" */ = {
			isa = XCConfigurationList;
			buildConfigurations = (
				9ADF2C6B2CE4A372006F05D7 /* Debug */,
				9ADF2C6C2CE4A372006F05D7 /* Release */,
			);
			defaultConfigurationIsVisible = 0;
			defaultConfigurationName = Release;
		};
		9ADF2C762CE4B0B4006F05D7 /* Build configuration list for PBXNativeTarget "P1888" */ = {
			isa = XCConfigurationList;
			buildConfigurations = (
				9ADF2C772CE4B0B4006F05D7 /* Debug */,
				9ADF2C782CE4B0B4006F05D7 /* Release */,
			);
			defaultConfigurationIsVisible = 0;
			defaultConfigurationName = Release;
		};
		9ADF2C812CE4EF45006F05D7 /* Build configuration list for PBXNativeTarget "P1046" */ = {
			isa = XCConfigurationList;
			buildConfigurations = (
				9ADF2C822CE4EF45006F05D7 /* Debug */,
				9ADF2C832CE4EF45006F05D7 /* Release */,
			);
			defaultConfigurationIsVisible = 0;
			defaultConfigurationName = Release;
		};
		9AEA8D8E2C7ECEDD0029B348 /* Build configuration list for PBXProject "afsdfasdf" */ = {
			isa = XCConfigurationList;
			buildConfigurations = (
				9AEA8D982C7ECEDD0029B348 /* Debug */,
				9AEA8D992C7ECEDD0029B348 /* Release */,
			);
			defaultConfigurationIsVisible = 0;
			defaultConfigurationName = Release;
		};
		9AF1A5AD2C99868C00EED4CC /* Build configuration list for PBXNativeTarget "struct3" */ = {
			isa = XCConfigurationList;
			buildConfigurations = (
				9AF1A5AE2C99868C00EED4CC /* Debug */,
				9AF1A5AF2C99868C00EED4CC /* Release */,
			);
			defaultConfigurationIsVisible = 0;
			defaultConfigurationName = Release;
		};
/* End XCConfigurationList section */
	};
	rootObject = 9AEA8D8B2C7ECEDD0029B348 /* Project object */;
}
